
Microsoft Visual Studio Solution File, Format Version 12.00
# Visual Studio Version 16
VisualStudioVersion = 16.0.29911.84
MinimumVisualStudioVersion = 10.0.40219.1
Project("{FAE04EC0-301F-11D3-BF4B-00C04F79EFBC}") = "KassaApp", "KassaApp\KassaApp.csproj", "{0EAB8B0C-70AE-42DB-A07B-DF321F0154E5}"
EndProject
Global
	GlobalSection(SolutionConfigurationPlatforms) = preSolution
		Debug|Any CPU = Debug|Any CPU
		Release|Any CPU = Release|Any CPU
	EndGlobalSection
	GlobalSection(ProjectConfigurationPlatforms) = postSolution
		{0EAB8B0C-70AE-42DB-A07B-DF321F0154E5}.Debug|Any CPU.ActiveCfg = Debug|Any CPU
		{0EAB8B0C-70AE-42DB-A07B-DF321F0154E5}.Debug|Any CPU.Build.0 = Debug|Any CPU
		{0EAB8B0C-70AE-42DB-A07B-DF321F0154E5}.Release|Any CPU.ActiveCfg = Release|Any CPU
		{0EAB8B0C-70AE-42DB-A07B-DF321F0154E5}.Release|Any CPU.Build.0 = Release|Any CPU
	EndGlobalSection
	GlobalSection(SolutionProperties) = preSolution
		HideSolutionNode = FALSE
	EndGlobalSection
	GlobalSection(ExtensibilityGlobals) = postSolution
		SolutionGuid = {14724D20-BCC4-4F58-A75A-7B155EB092B3}
	EndGlobalSection
EndGlobal
